# THIS IS AN AUTOGENERATED FILE. DO NOT EDIT THIS FILE DIRECTLY.
# yarn lockfile v1


esbuild@^0.8.43:
  version "0.8.43"
  resolved "https://registry.yarnpkg.com/esbuild/-/esbuild-0.8.43.tgz#19d79f8c6d1cc6dadd50942057a5aff906a1ecf2"
  integrity sha512-ZVE2CpootS4jtnfV0bbtJdgRsHEXcMP0P7ZXGfTmNzzhBr2e5ag7Vp3ry0jmw8zduJz4iHzxg4m5jtPxWERz1w==

wasm-forth@^2.0.0:
  version "2.0.0"
  resolved "https://registry.yarnpkg.com/wasm-forth/-/wasm-forth-2.0.0.tgz#cc82e2b1e1a2020e98aa44fbcda154845cd6b83b"
  integrity sha512-5OE0zdhsIaWFZB5mi7kK/9g5qISqVM7LQjVpseUBvzU+Hztj+cTItj3Vy1LkSVauaHjZnLoXxNURjDAFi6Yv0A==
